
Microsoft Visual Studio Solution File, Format Version 12.00
# Visual Studio Version 16
VisualStudioVersion = 16.0.30114.105
MinimumVisualStudioVersion = 10.0.40219.1
Project("{FAE04EC0-301F-11D3-BF4B-00C04F79EFBC}") = "PaylocityDeductionCalculator", "PaylocityDeductionCalculator\PaylocityDeductionCalculator.csproj", "{FCB5019A-F6DB-4E9A-93A2-DEF340D91341}"
EndProject
Project("{FAE04EC0-301F-11D3-BF4B-00C04F79EFBC}") = "PaylocityDeductionCalculator.UniTests", "PaylocityDeductionCalculator.UniTests\PaylocityDeductionCalculator.UniTests.csproj", "{432CC1AD-27BB-40E5-AFD0-458635AC4A6B}"
EndProject
Global
	GlobalSection(SolutionConfigurationPlatforms) = preSolution
		Debug|Any CPU = Debug|Any CPU
		Release|Any CPU = Release|Any CPU
	EndGlobalSection
	GlobalSection(ProjectConfigurationPlatforms) = postSolution
		{FCB5019A-F6DB-4E9A-93A2-DEF340D91341}.Debug|Any CPU.ActiveCfg = Debug|Any CPU
		{FCB5019A-F6DB-4E9A-93A2-DEF340D91341}.Debug|Any CPU.Build.0 = Debug|Any CPU
		{FCB5019A-F6DB-4E9A-93A2-DEF340D91341}.Release|Any CPU.ActiveCfg = Release|Any CPU
		{FCB5019A-F6DB-4E9A-93A2-DEF340D91341}.Release|Any CPU.Build.0 = Release|Any CPU
		{432CC1AD-27BB-40E5-AFD0-458635AC4A6B}.Debug|Any CPU.ActiveCfg = Debug|Any CPU
		{432CC1AD-27BB-40E5-AFD0-458635AC4A6B}.Debug|Any CPU.Build.0 = Debug|Any CPU
		{432CC1AD-27BB-40E5-AFD0-458635AC4A6B}.Release|Any CPU.ActiveCfg = Release|Any CPU
		{432CC1AD-27BB-40E5-AFD0-458635AC4A6B}.Release|Any CPU.Build.0 = Release|Any CPU
	EndGlobalSection
	GlobalSection(SolutionProperties) = preSolution
		HideSolutionNode = FALSE
	EndGlobalSection
	GlobalSection(ExtensibilityGlobals) = postSolution
		SolutionGuid = {C7B180B2-F554-4C7D-B99E-31AA39D8137E}
	EndGlobalSection
EndGlobal
